
Microsoft Visual Studio Solution File, Format Version 12.00
# Visual Studio 15
VisualStudioVersion = 15.0.28307.1082
MinimumVisualStudioVersion = 10.0.40219.1
Project("{8BC9CEB8-8B4A-11D0-8D11-00A0C91BC942}") = "Engine", "Engine\Engine.vcxproj", "{B9065B73-C840-42F0-9E2C-64F642F810CD}"
EndProject
Global
	GlobalSection(SolutionConfigurationPlatforms) = preSolution
		Debug|x64 = Debug|x64
		Debug|x86 = Debug|x86
		Release|x64 = Release|x64
		Release|x86 = Release|x86
	EndGlobalSection
	GlobalSection(ProjectConfigurationPlatforms) = postSolution
		{B9065B73-C840-42F0-9E2C-64F642F810CD}.Debug|x64.ActiveCfg = Debug|x64
		{B9065B73-C840-42F0-9E2C-64F642F810CD}.Debug|x64.Build.0 = Debug|x64
		{B9065B73-C840-42F0-9E2C-64F642F810CD}.Debug|x86.ActiveCfg = Debug|Win32
		{B9065B73-C840-42F0-9E2C-64F642F810CD}.Debug|x86.Build.0 = Debug|Win32
		{B9065B73-C840-42F0-9E2C-64F642F810CD}.Release|x64.ActiveCfg = Release|x64
		{B9065B73-C840-42F0-9E2C-64F642F810CD}.Release|x64.Build.0 = Release|x64
		{B9065B73-C840-42F0-9E2C-64F642F810CD}.Release|x86.ActiveCfg = Release|Win32
		{B9065B73-C840-42F0-9E2C-64F642F810CD}.Release|x86.Build.0 = Release|Win32
	EndGlobalSection
	GlobalSection(SolutionProperties) = preSolution
		HideSolutionNode = FALSE
	EndGlobalSection
	GlobalSection(ExtensibilityGlobals) = postSolution
		SolutionGuid = {647F2155-61A1-44E8-848D-7C34A08BA24C}
	EndGlobalSection
EndGlobal
