
Microsoft Visual Studio Solution File, Format Version 12.00
# Visual Studio 15
VisualStudioVersion = 15.0.28307.1082
MinimumVisualStudioVersion = 10.0.40219.1
Project("{8BC9CEB8-8B4A-11D0-8D11-00A0C91BC942}") = "Font", "Font\Font.vcxproj", "{7246A4ED-61F1-4D73-9503-FC5B337593E6}"
EndProject
Project("{8BC9CEB8-8B4A-11D0-8D11-00A0C91BC942}") = "Input", "Input\Input.vcxproj", "{F367D572-609E-48A3-B25F-20B4C9566800}"
EndProject
Project("{8BC9CEB8-8B4A-11D0-8D11-00A0C91BC942}") = "Timer", "Timer\Timer.vcxproj", "{DF3C44A5-B2C8-4239-8247-CAA9602ADF44}"
EndProject
Global
	GlobalSection(SolutionConfigurationPlatforms) = preSolution
		Debug|x64 = Debug|x64
		Debug|x86 = Debug|x86
		Release|x64 = Release|x64
		Release|x86 = Release|x86
	EndGlobalSection
	GlobalSection(ProjectConfigurationPlatforms) = postSolution
		{7246A4ED-61F1-4D73-9503-FC5B337593E6}.Debug|x64.ActiveCfg = Debug|x64
		{7246A4ED-61F1-4D73-9503-FC5B337593E6}.Debug|x64.Build.0 = Debug|x64
		{7246A4ED-61F1-4D73-9503-FC5B337593E6}.Debug|x86.ActiveCfg = Debug|Win32
		{7246A4ED-61F1-4D73-9503-FC5B337593E6}.Debug|x86.Build.0 = Debug|Win32
		{7246A4ED-61F1-4D73-9503-FC5B337593E6}.Release|x64.ActiveCfg = Release|x64
		{7246A4ED-61F1-4D73-9503-FC5B337593E6}.Release|x64.Build.0 = Release|x64
		{7246A4ED-61F1-4D73-9503-FC5B337593E6}.Release|x86.ActiveCfg = Release|Win32
		{7246A4ED-61F1-4D73-9503-FC5B337593E6}.Release|x86.Build.0 = Release|Win32
		{F367D572-609E-48A3-B25F-20B4C9566800}.Debug|x64.ActiveCfg = Debug|x64
		{F367D572-609E-48A3-B25F-20B4C9566800}.Debug|x64.Build.0 = Debug|x64
		{F367D572-609E-48A3-B25F-20B4C9566800}.Debug|x86.ActiveCfg = Debug|Win32
		{F367D572-609E-48A3-B25F-20B4C9566800}.Debug|x86.Build.0 = Debug|Win32
		{F367D572-609E-48A3-B25F-20B4C9566800}.Release|x64.ActiveCfg = Release|x64
		{F367D572-609E-48A3-B25F-20B4C9566800}.Release|x64.Build.0 = Release|x64
		{F367D572-609E-48A3-B25F-20B4C9566800}.Release|x86.ActiveCfg = Release|Win32
		{F367D572-609E-48A3-B25F-20B4C9566800}.Release|x86.Build.0 = Release|Win32
		{DF3C44A5-B2C8-4239-8247-CAA9602ADF44}.Debug|x64.ActiveCfg = Debug|x64
		{DF3C44A5-B2C8-4239-8247-CAA9602ADF44}.Debug|x64.Build.0 = Debug|x64
		{DF3C44A5-B2C8-4239-8247-CAA9602ADF44}.Debug|x86.ActiveCfg = Debug|Win32
		{DF3C44A5-B2C8-4239-8247-CAA9602ADF44}.Debug|x86.Build.0 = Debug|Win32
		{DF3C44A5-B2C8-4239-8247-CAA9602ADF44}.Release|x64.ActiveCfg = Release|x64
		{DF3C44A5-B2C8-4239-8247-CAA9602ADF44}.Release|x64.Build.0 = Release|x64
		{DF3C44A5-B2C8-4239-8247-CAA9602ADF44}.Release|x86.ActiveCfg = Release|Win32
		{DF3C44A5-B2C8-4239-8247-CAA9602ADF44}.Release|x86.Build.0 = Release|Win32
	EndGlobalSection
	GlobalSection(SolutionProperties) = preSolution
		HideSolutionNode = FALSE
	EndGlobalSection
	GlobalSection(ExtensibilityGlobals) = postSolution
		SolutionGuid = {58DAEF38-32ED-463A-A690-1DA5124113D1}
	EndGlobalSection
EndGlobal
