<?xml version="1.0" encoding="utf-8"?>
<Project ToolsVersion="4.0" xmlns="http://schemas.microsoft.com/developer/msbuild/2003">
  <ItemGroup>
    <Filter Include="Device">
      <UniqueIdentifier>{25cd6740-aeed-4f27-94c5-8e11d7792d35}</UniqueIdentifier>
    </Filter>
    <Filter Include="Device\001_Device">
      <UniqueIdentifier>{65899ef1-1d21-46e3-9d93-c673d7c3fce0}</UniqueIdentifier>
    </Filter>
    <Filter Include="Main">
      <UniqueIdentifier>{06dc61c7-6bff-4261-a75e-66fff6901689}</UniqueIdentifier>
    </Filter>
    <Filter Include="Headers">
      <UniqueIdentifier>{27728fa5-37fc-4a9e-8aa6-c502c214ca93}</UniqueIdentifier>
    </Filter>
    <Filter Include="GameObject">
      <UniqueIdentifier>{7e3f8f98-0628-43aa-bab9-3862ab781f13}</UniqueIdentifier>
    </Filter>
    <Filter Include="GameObject\Objects">
      <UniqueIdentifier>{39ab88b8-4fa8-4c39-b715-3b03fc77b4e7}</UniqueIdentifier>
    </Filter>
    <Filter Include="GameObject\Objects\001_Interface">
      <UniqueIdentifier>{eaf3f3bf-db8b-4f9a-92d0-35541e48c7d4}</UniqueIdentifier>
    </Filter>
    <Filter Include="GameObject\ObjectManagement">
      <UniqueIdentifier>{c524b174-f680-46e9-875a-76ea710c0636}</UniqueIdentifier>
    </Filter>
    <Filter Include="GameObject\Objects\002_GameObject">
      <UniqueIdentifier>{51434b2b-bce0-4b3a-9529-fda72d098bd1}</UniqueIdentifier>
    </Filter>
    <Filter Include="GameObject\Components">
      <UniqueIdentifier>{c59a9fe7-958d-4c29-9b31-224b013d4760}</UniqueIdentifier>
    </Filter>
    <Filter Include="GameObject\Components\001_Interface">
      <UniqueIdentifier>{8c889043-a3c7-4e89-8c5e-53198e73bd7b}</UniqueIdentifier>
    </Filter>
    <Filter Include="GameObject\Components\002_Transform">
      <UniqueIdentifier>{998bfc4d-13ab-4cae-9aa6-1f04294758af}</UniqueIdentifier>
    </Filter>
    <Filter Include="Shader">
      <UniqueIdentifier>{c3801bd1-6b81-45f4-af9f-361e8bf93820}</UniqueIdentifier>
    </Filter>
    <Filter Include="Shader\fx">
      <UniqueIdentifier>{ec6fd8f4-5d2f-49ba-993b-a41ef64f0955}</UniqueIdentifier>
    </Filter>
    <Filter Include="Device\002_Camera">
      <UniqueIdentifier>{afc6c9d2-1da6-49a8-bd14-0286bf5b2c8e}</UniqueIdentifier>
    </Filter>
    <Filter Include="Shader\CBuffers">
      <UniqueIdentifier>{4137d18c-3843-4739-b49b-7066455927ed}</UniqueIdentifier>
    </Filter>
    <Filter Include="GameObject\Components\003_MeshRenderer">
      <UniqueIdentifier>{d4293bc0-aa2a-411d-8f77-9b21059999bb}</UniqueIdentifier>
    </Filter>
    <Filter Include="GameObject\ObjectManagement\002_MeshCreator">
      <UniqueIdentifier>{5d68cff9-16d9-4974-bcf0-b33c78960280}</UniqueIdentifier>
    </Filter>
    <Filter Include="GameObject\ObjectManagement\001_BufferCreator">
      <UniqueIdentifier>{56d86167-c11a-4b72-bece-df6adaaa3010}</UniqueIdentifier>
    </Filter>
    <Filter Include="GameObject\ObjectManagement\003_GeoLoader">
      <UniqueIdentifier>{358cb01a-1459-4517-a45f-2c92bf11a04c}</UniqueIdentifier>
    </Filter>
    <Filter Include="GameObject\Data">
      <UniqueIdentifier>{7e111d0c-477e-4e33-89f7-8fbc1e844a1d}</UniqueIdentifier>
    </Filter>
    <Filter Include="GameObject\Objects\003_Character">
      <UniqueIdentifier>{c1761149-41a0-4d41-be3b-8c97f1f68e2f}</UniqueIdentifier>
    </Filter>
    <Filter Include="GameObject\ObjectManagement\004_TextureLoader">
      <UniqueIdentifier>{e2cf7e72-9ab5-4061-b66c-c14e4f33b0d5}</UniqueIdentifier>
    </Filter>
    <Filter Include="GameObject\Objects\004_Quad">
      <UniqueIdentifier>{022b57e1-c188-44e7-bb0d-79b8c0ad56c6}</UniqueIdentifier>
    </Filter>
  </ItemGroup>
  <ItemGroup>
    <ClCompile Include="..\Src\Device.cpp">
      <Filter>Device\001_Device</Filter>
    </ClCompile>
    <ClCompile Include="..\Src\main.cpp">
      <Filter>Main</Filter>
    </ClCompile>
    <ClCompile Include="..\Src\GameObject.cpp">
      <Filter>GameObject\Objects\002_GameObject</Filter>
    </ClCompile>
    <ClCompile Include="..\Src\Transform.cpp">
      <Filter>GameObject\Components\002_Transform</Filter>
    </ClCompile>
    <ClCompile Include="..\Src\Shader.cpp">
      <Filter>Shader</Filter>
    </ClCompile>
    <ClCompile Include="..\Src\Camera.cpp">
      <Filter>Device\002_Camera</Filter>
    </ClCompile>
    <ClCompile Include="..\Src\MeshRenderer.cpp">
      <Filter>GameObject\Components\003_MeshRenderer</Filter>
    </ClCompile>
    <ClCompile Include="..\Src\BufferCreator.cpp">
      <Filter>GameObject\ObjectManagement\001_BufferCreator</Filter>
    </ClCompile>
    <ClCompile Include="..\Src\MeshCreator.cpp">
      <Filter>GameObject\ObjectManagement\002_MeshCreator</Filter>
    </ClCompile>
    <ClCompile Include="..\Src\GeoLoader.cpp">
      <Filter>GameObject\ObjectManagement\003_GeoLoader</Filter>
    </ClCompile>
    <ClCompile Include="..\Src\Character.cpp">
      <Filter>GameObject\Objects\003_Character</Filter>
    </ClCompile>
    <ClCompile Include="..\Src\TextureLoader.cpp">
      <Filter>GameObject\ObjectManagement\004_TextureLoader</Filter>
    </ClCompile>
    <ClCompile Include="..\Src\Quad.cpp">
      <Filter>GameObject\Objects\004_Quad</Filter>
    </ClCompile>
  </ItemGroup>
  <ItemGroup>
    <ClInclude Include="..\Src\Device.h">
      <Filter>Device\001_Device</Filter>
    </ClInclude>
    <ClInclude Include="..\Src\stdafx.h">
      <Filter>Headers</Filter>
    </ClInclude>
    <ClInclude Include="..\Src\dx.h">
      <Filter>Headers</Filter>
    </ClInclude>
    <ClInclude Include="..\Src\dlls.h">
      <Filter>Headers</Filter>
    </ClInclude>
    <ClInclude Include="..\Src\iGameObject.h">
      <Filter>GameObject\Objects\001_Interface</Filter>
    </ClInclude>
    <ClInclude Include="..\Src\GameObject.h">
      <Filter>GameObject\Objects\002_GameObject</Filter>
    </ClInclude>
    <ClInclude Include="..\Src\Transform.h">
      <Filter>GameObject\Components\002_Transform</Filter>
    </ClInclude>
    <ClInclude Include="..\Src\iComponent.h">
      <Filter>GameObject\Components\001_Interface</Filter>
    </ClInclude>
    <ClInclude Include="..\Src\Shader.h">
      <Filter>Shader</Filter>
    </ClInclude>
    <ClInclude Include="..\Src\Camera.h">
      <Filter>Device\002_Camera</Filter>
    </ClInclude>
    <ClInclude Include="..\Src\cbMatrix.h">
      <Filter>Shader\CBuffers</Filter>
    </ClInclude>
    <ClInclude Include="..\Src\MeshRenderer.h">
      <Filter>GameObject\Components\003_MeshRenderer</Filter>
    </ClInclude>
    <ClInclude Include="..\Src\BufferCreator.h">
      <Filter>GameObject\ObjectManagement\001_BufferCreator</Filter>
    </ClInclude>
    <ClInclude Include="..\Src\MeshCreator.h">
      <Filter>GameObject\ObjectManagement\002_MeshCreator</Filter>
    </ClInclude>
    <ClInclude Include="..\Src\GeoLoader.h">
      <Filter>GameObject\ObjectManagement\003_GeoLoader</Filter>
    </ClInclude>
    <ClInclude Include="..\Src\Vertices.h">
      <Filter>GameObject\Data</Filter>
    </ClInclude>
    <ClInclude Include="..\Src\MeshData.h">
      <Filter>GameObject\Data</Filter>
    </ClInclude>
    <ClInclude Include="..\Src\Geometries.h">
      <Filter>GameObject\Data</Filter>
    </ClInclude>
    <ClInclude Include="..\Src\BufferData.h">
      <Filter>GameObject\Data</Filter>
    </ClInclude>
    <ClInclude Include="..\Src\Material.h">
      <Filter>GameObject\Data</Filter>
    </ClInclude>
    <ClInclude Include="..\Src\Character.h">
      <Filter>GameObject\Objects\003_Character</Filter>
    </ClInclude>
    <ClInclude Include="..\Src\TextureLoader.h">
      <Filter>GameObject\ObjectManagement\004_TextureLoader</Filter>
    </ClInclude>
    <ClInclude Include="..\Src\Quad.h">
      <Filter>GameObject\Objects\004_Quad</Filter>
    </ClInclude>
  </ItemGroup>
  <ItemGroup>
    <FxCompile Include="..\Src\hlsl\SolidColor.fx">
      <Filter>Shader\fx</Filter>
    </FxCompile>
    <FxCompile Include="..\Src\hlsl\SolidColor_pnu.fx">
      <Filter>Shader\fx</Filter>
    </FxCompile>
  </ItemGroup>
</Project>